
Microsoft Visual Studio Solution File, Format Version 12.00
# Visual Studio Version 16
VisualStudioVersion = 16.0.30611.23
MinimumVisualStudioVersion = 10.0.40219.1
Project("{FAE04EC0-301F-11D3-BF4B-00C04F79EFBC}") = "UrlShortener", "UrlShortener\UrlShortener.csproj", "{4D01B2E6-62E4-4B21-816B-16CFACA1620A}"
EndProject
Global
	GlobalSection(SolutionConfigurationPlatforms) = preSolution
		Debug|Any CPU = Debug|Any CPU
		Release|Any CPU = Release|Any CPU
	EndGlobalSection
	GlobalSection(ProjectConfigurationPlatforms) = postSolution
		{4D01B2E6-62E4-4B21-816B-16CFACA1620A}.Debug|Any CPU.ActiveCfg = Debug|Any CPU
		{4D01B2E6-62E4-4B21-816B-16CFACA1620A}.Debug|Any CPU.Build.0 = Debug|Any CPU
		{4D01B2E6-62E4-4B21-816B-16CFACA1620A}.Release|Any CPU.ActiveCfg = Release|Any CPU
		{4D01B2E6-62E4-4B21-816B-16CFACA1620A}.Release|Any CPU.Build.0 = Release|Any CPU
	EndGlobalSection
	GlobalSection(SolutionProperties) = preSolution
		HideSolutionNode = FALSE
	EndGlobalSection
	GlobalSection(ExtensibilityGlobals) = postSolution
		SolutionGuid = {4FFDBE99-8C42-4F45-B18D-B3FF6B5905A2}
	EndGlobalSection
EndGlobal
